// !$*UTF8*$!
{
	archiveVersion = 1;
	classes = {
	};
	objectVersion = 56;
	objects = {

/* Begin PBXBuildFile section */
		DE45197D2C6389CD006BDBFE /* AddCardView.swift in Sources */ = {isa = PBXBuildFile; fileRef = DE45197C2C6389CD006BDBFE /* AddCardView.swift */; };
		DE4DCC1B2C61771600C3BD4E /* AnimationButtonView.swift in Sources */ = {isa = PBXBuildFile; fileRef = DE4DCC1A2C61771600C3BD4E /* AnimationButtonView.swift */; };
		DEA2EF832C627BBB0025CD00 /* QRCodeView.swift in Sources */ = {isa = PBXBuildFile; fileRef = DEA2EF822C627BBB0025CD00 /* QRCodeView.swift */; };
		DEA718122C60C3290093994A /* Session.swift in Sources */ = {isa = PBXBuildFile; fileRef = DEA718112C60C3290093994A /* Session.swift */; };
		DEA786E92C5BA03E00404936 /* InfoView.swift in Sources */ = {isa = PBXBuildFile; fileRef = DEA786E82C5BA03E00404936 /* InfoView.swift */; };
		DEA7B7472C63E9E10053A2B1 /* FirebaseExtension.swift in Sources */ = {isa = PBXBuildFile; fileRef = DEA7B7462C63E9E10053A2B1 /* FirebaseExtension.swift */; };
		DEA96E0C2C64B6BC0087EE6E /* SettingsView.swift in Sources */ = {isa = PBXBuildFile; fileRef = DEA96E0B2C64B6BC0087EE6E /* SettingsView.swift */; };
		DEA96E0E2C64B9BB0087EE6E /* SettingsViewModel.swift in Sources */ = {isa = PBXBuildFile; fileRef = DEA96E0D2C64B9BB0087EE6E /* SettingsViewModel.swift */; };
		DEA9EBFB2C6B350600D7964D /* DeviceManager.swift in Sources */ = {isa = PBXBuildFile; fileRef = DEA9EBFA2C6B350600D7964D /* DeviceManager.swift */; };
		DEAAFD352C6A79FB00E1DF66 /* ColorPaletView.swift in Sources */ = {isa = PBXBuildFile; fileRef = DEAAFD342C6A79FB00E1DF66 /* ColorPaletView.swift */; };
		DEAB73DE2C6DD2BD00A021B6 /* MainViewTest.swift in Sources */ = {isa = PBXBuildFile; fileRef = DEAB73DD2C6DD2BD00A021B6 /* MainViewTest.swift */; };
		DEB257E72C5266A200CC3B51 /* FirebaseManager.swift in Sources */ = {isa = PBXBuildFile; fileRef = DEB257E62C5266A200CC3B51 /* FirebaseManager.swift */; };
		DEB257E92C526FCF00CC3B51 /* CreateBoardViewModel.swift in Sources */ = {isa = PBXBuildFile; fileRef = DEB257E82C526FCF00CC3B51 /* CreateBoardViewModel.swift */; };
		DEB257EB2C53C63800CC3B51 /* BoardViewModel.swift in Sources */ = {isa = PBXBuildFile; fileRef = DEB257EA2C53C63800CC3B51 /* BoardViewModel.swift */; };
		DEC009E32C623E4B0023513D /* BottomSheetView.swift in Sources */ = {isa = PBXBuildFile; fileRef = DEC009E22C623E4B0023513D /* BottomSheetView.swift */; };
		DECC12CC2C6D083500C47A69 /* NoDataView.swift in Sources */ = {isa = PBXBuildFile; fileRef = DECC12CB2C6D083500C47A69 /* NoDataView.swift */; };
		DEF7EC4F2C513E3E0036BBD8 /* RetroAppApp.swift in Sources */ = {isa = PBXBuildFile; fileRef = DEF7EC4E2C513E3E0036BBD8 /* RetroAppApp.swift */; };
		DEF7EC512C513E3E0036BBD8 /* MainView.swift in Sources */ = {isa = PBXBuildFile; fileRef = DEF7EC502C513E3E0036BBD8 /* MainView.swift */; };
		DEF7EC532C513E400036BBD8 /* Assets.xcassets in Resources */ = {isa = PBXBuildFile; fileRef = DEF7EC522C513E400036BBD8 /* Assets.xcassets */; };
		DEF7EC562C513E400036BBD8 /* Preview Assets.xcassets in Resources */ = {isa = PBXBuildFile; fileRef = DEF7EC552C513E400036BBD8 /* Preview Assets.xcassets */; };
		DEF7EC582C513E400036BBD8 /* Persistence.swift in Sources */ = {isa = PBXBuildFile; fileRef = DEF7EC572C513E400036BBD8 /* Persistence.swift */; };
		DEF7EC5B2C513E400036BBD8 /* RetroApp.xcdatamodeld in Sources */ = {isa = PBXBuildFile; fileRef = DEF7EC592C513E400036BBD8 /* RetroApp.xcdatamodeld */; };
		DEF7EC652C513E400036BBD8 /* RetroAppTests.swift in Sources */ = {isa = PBXBuildFile; fileRef = DEF7EC642C513E400036BBD8 /* RetroAppTests.swift */; };
		DEF7EC6F2C513E400036BBD8 /* RetroAppUITests.swift in Sources */ = {isa = PBXBuildFile; fileRef = DEF7EC6E2C513E400036BBD8 /* RetroAppUITests.swift */; };
		DEF7EC712C513E400036BBD8 /* RetroAppUITestsLaunchTests.swift in Sources */ = {isa = PBXBuildFile; fileRef = DEF7EC702C513E400036BBD8 /* RetroAppUITestsLaunchTests.swift */; };
		DEF7EC822C51413B0036BBD8 /* GoogleService-Info.plist in Resources */ = {isa = PBXBuildFile; fileRef = DEF7EC812C51413B0036BBD8 /* GoogleService-Info.plist */; };
		DEF7EC852C5141B00036BBD8 /* FirebaseAnalytics in Frameworks */ = {isa = PBXBuildFile; productRef = DEF7EC842C5141B00036BBD8 /* FirebaseAnalytics */; };
		DEF7EC872C5141B00036BBD8 /* FirebaseAnalyticsOnDeviceConversion in Frameworks */ = {isa = PBXBuildFile; productRef = DEF7EC862C5141B00036BBD8 /* FirebaseAnalyticsOnDeviceConversion */; };
		DEF7EC892C5141B00036BBD8 /* FirebaseAnalyticsSwift in Frameworks */ = {isa = PBXBuildFile; productRef = DEF7EC882C5141B00036BBD8 /* FirebaseAnalyticsSwift */; };
		DEF7EC8B2C5141B00036BBD8 /* FirebaseAnalyticsWithoutAdIdSupport in Frameworks */ = {isa = PBXBuildFile; productRef = DEF7EC8A2C5141B00036BBD8 /* FirebaseAnalyticsWithoutAdIdSupport */; };
		DEF7EC8D2C5141B00036BBD8 /* FirebaseAppCheck in Frameworks */ = {isa = PBXBuildFile; productRef = DEF7EC8C2C5141B00036BBD8 /* FirebaseAppCheck */; };
		DEF7EC8F2C5141B00036BBD8 /* FirebaseAppDistribution-Beta in Frameworks */ = {isa = PBXBuildFile; productRef = DEF7EC8E2C5141B00036BBD8 /* FirebaseAppDistribution-Beta */; };
		DEF7EC912C5141B00036BBD8 /* FirebaseAuth in Frameworks */ = {isa = PBXBuildFile; productRef = DEF7EC902C5141B00036BBD8 /* FirebaseAuth */; };
		DEF7EC932C5141B00036BBD8 /* FirebaseAuthCombine-Community in Frameworks */ = {isa = PBXBuildFile; productRef = DEF7EC922C5141B00036BBD8 /* FirebaseAuthCombine-Community */; };
		DEF7EC952C5141B00036BBD8 /* FirebaseCrashlytics in Frameworks */ = {isa = PBXBuildFile; productRef = DEF7EC942C5141B00036BBD8 /* FirebaseCrashlytics */; };
		DEF7EC972C5141B00036BBD8 /* FirebaseDatabase in Frameworks */ = {isa = PBXBuildFile; productRef = DEF7EC962C5141B00036BBD8 /* FirebaseDatabase */; };
		DEF7EC992C5141B00036BBD8 /* FirebaseDatabaseSwift in Frameworks */ = {isa = PBXBuildFile; productRef = DEF7EC982C5141B00036BBD8 /* FirebaseDatabaseSwift */; };
		DEF7EC9B2C5141B00036BBD8 /* FirebaseDynamicLinks in Frameworks */ = {isa = PBXBuildFile; productRef = DEF7EC9A2C5141B00036BBD8 /* FirebaseDynamicLinks */; };
		DEF7EC9D2C5141B00036BBD8 /* FirebaseFirestore in Frameworks */ = {isa = PBXBuildFile; productRef = DEF7EC9C2C5141B00036BBD8 /* FirebaseFirestore */; };
		DEF7EC9F2C5141B00036BBD8 /* FirebaseFirestoreCombine-Community in Frameworks */ = {isa = PBXBuildFile; productRef = DEF7EC9E2C5141B00036BBD8 /* FirebaseFirestoreCombine-Community */; };
		DEF7ECA12C5141B00036BBD8 /* FirebaseFirestoreSwift in Frameworks */ = {isa = PBXBuildFile; productRef = DEF7ECA02C5141B00036BBD8 /* FirebaseFirestoreSwift */; };
		DEF7ECA32C5141B00036BBD8 /* FirebaseFunctions in Frameworks */ = {isa = PBXBuildFile; productRef = DEF7ECA22C5141B00036BBD8 /* FirebaseFunctions */; };
		DEF7ECA52C5141B00036BBD8 /* FirebaseFunctionsCombine-Community in Frameworks */ = {isa = PBXBuildFile; productRef = DEF7ECA42C5141B00036BBD8 /* FirebaseFunctionsCombine-Community */; };
		DEF7ECA72C5141B00036BBD8 /* FirebaseInAppMessaging-Beta in Frameworks */ = {isa = PBXBuildFile; productRef = DEF7ECA62C5141B00036BBD8 /* FirebaseInAppMessaging-Beta */; };
		DEF7ECA92C5141B00036BBD8 /* FirebaseInAppMessagingSwift-Beta in Frameworks */ = {isa = PBXBuildFile; productRef = DEF7ECA82C5141B00036BBD8 /* FirebaseInAppMessagingSwift-Beta */; };
		DEF7ECAB2C5141B00036BBD8 /* FirebaseInstallations in Frameworks */ = {isa = PBXBuildFile; productRef = DEF7ECAA2C5141B00036BBD8 /* FirebaseInstallations */; };
		DEF7ECAD2C5141B00036BBD8 /* FirebaseMLModelDownloader in Frameworks */ = {isa = PBXBuildFile; productRef = DEF7ECAC2C5141B00036BBD8 /* FirebaseMLModelDownloader */; };
		DEF7ECAF2C5141B00036BBD8 /* FirebaseMessaging in Frameworks */ = {isa = PBXBuildFile; productRef = DEF7ECAE2C5141B00036BBD8 /* FirebaseMessaging */; };
		DEF7ECB12C5141B00036BBD8 /* FirebasePerformance in Frameworks */ = {isa = PBXBuildFile; productRef = DEF7ECB02C5141B00036BBD8 /* FirebasePerformance */; };
		DEF7ECB32C5141B00036BBD8 /* FirebaseRemoteConfig in Frameworks */ = {isa = PBXBuildFile; productRef = DEF7ECB22C5141B00036BBD8 /* FirebaseRemoteConfig */; };
		DEF7ECB52C5141B00036BBD8 /* FirebaseRemoteConfigSwift in Frameworks */ = {isa = PBXBuildFile; productRef = DEF7ECB42C5141B00036BBD8 /* FirebaseRemoteConfigSwift */; };
		DEF7ECB72C5141B00036BBD8 /* FirebaseStorage in Frameworks */ = {isa = PBXBuildFile; productRef = DEF7ECB62C5141B00036BBD8 /* FirebaseStorage */; };
		DEF7ECB92C5141B00036BBD8 /* FirebaseStorageCombine-Community in Frameworks */ = {isa = PBXBuildFile; productRef = DEF7ECB82C5141B00036BBD8 /* FirebaseStorageCombine-Community */; };
		DEF7ECBB2C5141B00036BBD8 /* FirebaseVertexAI-Preview in Frameworks */ = {isa = PBXBuildFile; productRef = DEF7ECBA2C5141B00036BBD8 /* FirebaseVertexAI-Preview */; };
		DEF7ECBD2C51422A0036BBD8 /* MainViewModel.swift in Sources */ = {isa = PBXBuildFile; fileRef = DEF7ECBC2C51422A0036BBD8 /* MainViewModel.swift */; };
		DEF7ECBF2C5142AD0036BBD8 /* RetroModel.swift in Sources */ = {isa = PBXBuildFile; fileRef = DEF7ECBE2C5142AD0036BBD8 /* RetroModel.swift */; };
		DEF7ECCB2C5226850036BBD8 /* BoardView.swift in Sources */ = {isa = PBXBuildFile; fileRef = DEF7ECCA2C5226850036BBD8 /* BoardView.swift */; };
		DEF7ECCD2C5226C30036BBD8 /* DroppableList.swift in Sources */ = {isa = PBXBuildFile; fileRef = DEF7ECCC2C5226C30036BBD8 /* DroppableList.swift */; };
		DEF7ECCF2C5226F40036BBD8 /* DraggableCell.swift in Sources */ = {isa = PBXBuildFile; fileRef = DEF7ECCE2C5226F40036BBD8 /* DraggableCell.swift */; };
		DEF7ECD52C525A370036BBD8 /* CreateBoardView.swift in Sources */ = {isa = PBXBuildFile; fileRef = DEF7ECD42C525A370036BBD8 /* CreateBoardView.swift */; };
/* End PBXBuildFile section */

/* Begin PBXContainerItemProxy section */
		DEF7EC612C513E400036BBD8 /* PBXContainerItemProxy */ = {
			isa = PBXContainerItemProxy;
			containerPortal = DEF7EC432C513E3E0036BBD8 /* Project object */;
			proxyType = 1;
			remoteGlobalIDString = DEF7EC4A2C513E3E0036BBD8;
			remoteInfo = RetroApp;
		};
		DEF7EC6B2C513E400036BBD8 /* PBXContainerItemProxy */ = {
			isa = PBXContainerItemProxy;
			containerPortal = DEF7EC432C513E3E0036BBD8 /* Project object */;
			proxyType = 1;
			remoteGlobalIDString = DEF7EC4A2C513E3E0036BBD8;
			remoteInfo = RetroApp;
		};
/* End PBXContainerItemProxy section */

/* Begin PBXFileReference section */
		DE45197C2C6389CD006BDBFE /* AddCardView.swift */ = {isa = PBXFileReference; lastKnownFileType = sourcecode.swift; path = AddCardView.swift; sourceTree = "<group>"; };
		DE4DCC1A2C61771600C3BD4E /* AnimationButtonView.swift */ = {isa = PBXFileReference; lastKnownFileType = sourcecode.swift; path = AnimationButtonView.swift; sourceTree = "<group>"; };
		DEA2EF822C627BBB0025CD00 /* QRCodeView.swift */ = {isa = PBXFileReference; lastKnownFileType = sourcecode.swift; path = QRCodeView.swift; sourceTree = "<group>"; };
		DEA718112C60C3290093994A /* Session.swift */ = {isa = PBXFileReference; lastKnownFileType = sourcecode.swift; path = Session.swift; sourceTree = "<group>"; };
		DEA786E82C5BA03E00404936 /* InfoView.swift */ = {isa = PBXFileReference; lastKnownFileType = sourcecode.swift; path = InfoView.swift; sourceTree = "<group>"; };
		DEA7B7462C63E9E10053A2B1 /* FirebaseExtension.swift */ = {isa = PBXFileReference; lastKnownFileType = sourcecode.swift; path = FirebaseExtension.swift; sourceTree = "<group>"; };
		DEA96E0B2C64B6BC0087EE6E /* SettingsView.swift */ = {isa = PBXFileReference; lastKnownFileType = sourcecode.swift; path = SettingsView.swift; sourceTree = "<group>"; };
		DEA96E0D2C64B9BB0087EE6E /* SettingsViewModel.swift */ = {isa = PBXFileReference; lastKnownFileType = sourcecode.swift; path = SettingsViewModel.swift; sourceTree = "<group>"; };
		DEA9EBFA2C6B350600D7964D /* DeviceManager.swift */ = {isa = PBXFileReference; lastKnownFileType = sourcecode.swift; path = DeviceManager.swift; sourceTree = "<group>"; };
		DEAAFD342C6A79FB00E1DF66 /* ColorPaletView.swift */ = {isa = PBXFileReference; lastKnownFileType = sourcecode.swift; path = ColorPaletView.swift; sourceTree = "<group>"; };
		DEAB73DD2C6DD2BD00A021B6 /* MainViewTest.swift */ = {isa = PBXFileReference; lastKnownFileType = sourcecode.swift; path = MainViewTest.swift; sourceTree = "<group>"; };
		DEB257E62C5266A200CC3B51 /* FirebaseManager.swift */ = {isa = PBXFileReference; lastKnownFileType = sourcecode.swift; path = FirebaseManager.swift; sourceTree = "<group>"; };
		DEB257E82C526FCF00CC3B51 /* CreateBoardViewModel.swift */ = {isa = PBXFileReference; lastKnownFileType = sourcecode.swift; path = CreateBoardViewModel.swift; sourceTree = "<group>"; };
		DEB257EA2C53C63800CC3B51 /* BoardViewModel.swift */ = {isa = PBXFileReference; lastKnownFileType = sourcecode.swift; path = BoardViewModel.swift; sourceTree = "<group>"; };
		DEC009E22C623E4B0023513D /* BottomSheetView.swift */ = {isa = PBXFileReference; lastKnownFileType = sourcecode.swift; path = BottomSheetView.swift; sourceTree = "<group>"; };
		DECC12CB2C6D083500C47A69 /* NoDataView.swift */ = {isa = PBXFileReference; lastKnownFileType = sourcecode.swift; path = NoDataView.swift; sourceTree = "<group>"; };
		DEF7EC4B2C513E3E0036BBD8 /* RetroApp.app */ = {isa = PBXFileReference; explicitFileType = wrapper.application; includeInIndex = 0; path = RetroApp.app; sourceTree = BUILT_PRODUCTS_DIR; };
		DEF7EC4E2C513E3E0036BBD8 /* RetroAppApp.swift */ = {isa = PBXFileReference; lastKnownFileType = sourcecode.swift; path = RetroAppApp.swift; sourceTree = "<group>"; };
		DEF7EC502C513E3E0036BBD8 /* MainView.swift */ = {isa = PBXFileReference; lastKnownFileType = sourcecode.swift; path = MainView.swift; sourceTree = "<group>"; };
		DEF7EC522C513E400036BBD8 /* Assets.xcassets */ = {isa = PBXFileReference; lastKnownFileType = folder.assetcatalog; path = Assets.xcassets; sourceTree = "<group>"; };
		DEF7EC552C513E400036BBD8 /* Preview Assets.xcassets */ = {isa = PBXFileReference; lastKnownFileType = folder.assetcatalog; path = "Preview Assets.xcassets"; sourceTree = "<group>"; };
		DEF7EC572C513E400036BBD8 /* Persistence.swift */ = {isa = PBXFileReference; lastKnownFileType = sourcecode.swift; path = Persistence.swift; sourceTree = "<group>"; };
		DEF7EC5A2C513E400036BBD8 /* RetroApp.xcdatamodel */ = {isa = PBXFileReference; lastKnownFileType = wrapper.xcdatamodel; path = RetroApp.xcdatamodel; sourceTree = "<group>"; };
		DEF7EC602C513E400036BBD8 /* RetroAppTests.xctest */ = {isa = PBXFileReference; explicitFileType = wrapper.cfbundle; includeInIndex = 0; path = RetroAppTests.xctest; sourceTree = BUILT_PRODUCTS_DIR; };
		DEF7EC642C513E400036BBD8 /* RetroAppTests.swift */ = {isa = PBXFileReference; lastKnownFileType = sourcecode.swift; path = RetroAppTests.swift; sourceTree = "<group>"; };
		DEF7EC6A2C513E400036BBD8 /* RetroAppUITests.xctest */ = {isa = PBXFileReference; explicitFileType = wrapper.cfbundle; includeInIndex = 0; path = RetroAppUITests.xctest; sourceTree = BUILT_PRODUCTS_DIR; };
		DEF7EC6E2C513E400036BBD8 /* RetroAppUITests.swift */ = {isa = PBXFileReference; lastKnownFileType = sourcecode.swift; path = RetroAppUITests.swift; sourceTree = "<group>"; };
		DEF7EC702C513E400036BBD8 /* RetroAppUITestsLaunchTests.swift */ = {isa = PBXFileReference; lastKnownFileType = sourcecode.swift; path = RetroAppUITestsLaunchTests.swift; sourceTree = "<group>"; };
		DEF7EC812C51413B0036BBD8 /* GoogleService-Info.plist */ = {isa = PBXFileReference; fileEncoding = 4; lastKnownFileType = text.plist.xml; path = "GoogleService-Info.plist"; sourceTree = "<group>"; };
		DEF7ECBC2C51422A0036BBD8 /* MainViewModel.swift */ = {isa = PBXFileReference; lastKnownFileType = sourcecode.swift; path = MainViewModel.swift; sourceTree = "<group>"; };
		DEF7ECBE2C5142AD0036BBD8 /* RetroModel.swift */ = {isa = PBXFileReference; lastKnownFileType = sourcecode.swift; path = RetroModel.swift; sourceTree = "<group>"; };
		DEF7ECCA2C5226850036BBD8 /* BoardView.swift */ = {isa = PBXFileReference; lastKnownFileType = sourcecode.swift; path = BoardView.swift; sourceTree = "<group>"; };
		DEF7ECCC2C5226C30036BBD8 /* DroppableList.swift */ = {isa = PBXFileReference; lastKnownFileType = sourcecode.swift; path = DroppableList.swift; sourceTree = "<group>"; };
		DEF7ECCE2C5226F40036BBD8 /* DraggableCell.swift */ = {isa = PBXFileReference; lastKnownFileType = sourcecode.swift; path = DraggableCell.swift; sourceTree = "<group>"; };
		DEF7ECD42C525A370036BBD8 /* CreateBoardView.swift */ = {isa = PBXFileReference; lastKnownFileType = sourcecode.swift; path = CreateBoardView.swift; sourceTree = "<group>"; };
/* End PBXFileReference section */

/* Begin PBXFrameworksBuildPhase section */
		DEF7EC482C513E3E0036BBD8 /* Frameworks */ = {
			isa = PBXFrameworksBuildPhase;
			buildActionMask = 2147483647;
			files = (
				DEF7EC972C5141B00036BBD8 /* FirebaseDatabase in Frameworks */,
				DEF7ECA52C5141B00036BBD8 /* FirebaseFunctionsCombine-Community in Frameworks */,
				DEF7EC9D2C5141B00036BBD8 /* FirebaseFirestore in Frameworks */,
				DEF7EC892C5141B00036BBD8 /* FirebaseAnalyticsSwift in Frameworks */,
				DEF7EC852C5141B00036BBD8 /* FirebaseAnalytics in Frameworks */,
				DEF7EC872C5141B00036BBD8 /* FirebaseAnalyticsOnDeviceConversion in Frameworks */,
				DEF7ECAD2C5141B00036BBD8 /* FirebaseMLModelDownloader in Frameworks */,
				DEF7ECA12C5141B00036BBD8 /* FirebaseFirestoreSwift in Frameworks */,
				DEF7EC8D2C5141B00036BBD8 /* FirebaseAppCheck in Frameworks */,
				DEF7EC8B2C5141B00036BBD8 /* FirebaseAnalyticsWithoutAdIdSupport in Frameworks */,
				DEF7EC912C5141B00036BBD8 /* FirebaseAuth in Frameworks */,
				DEF7EC952C5141B00036BBD8 /* FirebaseCrashlytics in Frameworks */,
				DEF7ECB52C5141B00036BBD8 /* FirebaseRemoteConfigSwift in Frameworks */,
				DEF7ECA72C5141B00036BBD8 /* FirebaseInAppMessaging-Beta in Frameworks */,
				DEF7EC992C5141B00036BBD8 /* FirebaseDatabaseSwift in Frameworks */,
				DEF7ECA32C5141B00036BBD8 /* FirebaseFunctions in Frameworks */,
				DEF7ECB92C5141B00036BBD8 /* FirebaseStorageCombine-Community in Frameworks */,
				DEF7ECB32C5141B00036BBD8 /* FirebaseRemoteConfig in Frameworks */,
				DEF7EC8F2C5141B00036BBD8 /* FirebaseAppDistribution-Beta in Frameworks */,
				DEF7EC932C5141B00036BBD8 /* FirebaseAuthCombine-Community in Frameworks */,
				DEF7ECB12C5141B00036BBD8 /* FirebasePerformance in Frameworks */,
				DEF7ECA92C5141B00036BBD8 /* FirebaseInAppMessagingSwift-Beta in Frameworks */,
				DEF7ECB72C5141B00036BBD8 /* FirebaseStorage in Frameworks */,
				DEF7EC9B2C5141B00036BBD8 /* FirebaseDynamicLinks in Frameworks */,
				DEF7ECBB2C5141B00036BBD8 /* FirebaseVertexAI-Preview in Frameworks */,
				DEF7EC9F2C5141B00036BBD8 /* FirebaseFirestoreCombine-Community in Frameworks */,
				DEF7ECAF2C5141B00036BBD8 /* FirebaseMessaging in Frameworks */,
				DEF7ECAB2C5141B00036BBD8 /* FirebaseInstallations in Frameworks */,
			);
			runOnlyForDeploymentPostprocessing = 0;
		};
		DEF7EC5D2C513E400036BBD8 /* Frameworks */ = {
			isa = PBXFrameworksBuildPhase;
			buildActionMask = 2147483647;
			files = (
			);
			runOnlyForDeploymentPostprocessing = 0;
		};
		DEF7EC672C513E400036BBD8 /* Frameworks */ = {
			isa = PBXFrameworksBuildPhase;
			buildActionMask = 2147483647;
			files = (
			);
			runOnlyForDeploymentPostprocessing = 0;
		};
/* End PBXFrameworksBuildPhase section */

/* Begin PBXGroup section */
		DEA718102C60C3110093994A /* SwiftData */ = {
			isa = PBXGroup;
			children = (
				DEA718112C60C3290093994A /* Session.swift */,
			);
			path = SwiftData;
			sourceTree = "<group>";
		};
		DEA7B7452C63E9CA0053A2B1 /* Extensions */ = {
			isa = PBXGroup;
			children = (
				DEA7B7462C63E9E10053A2B1 /* FirebaseExtension.swift */,
			);
			path = Extensions;
			sourceTree = "<group>";
		};
		DEA9EBF92C6B34F400D7964D /* DeviceManager */ = {
			isa = PBXGroup;
			children = (
				DEA9EBFA2C6B350600D7964D /* DeviceManager.swift */,
			);
			path = DeviceManager;
			sourceTree = "<group>";
		};
		DEAB73DC2C6DD28C00A021B6 /* MainView */ = {
			isa = PBXGroup;
			children = (
				DEAB73DD2C6DD2BD00A021B6 /* MainViewTest.swift */,
			);
			path = MainView;
			sourceTree = "<group>";
		};
		DEB257E52C52668200CC3B51 /* Firebase */ = {
			isa = PBXGroup;
			children = (
				DEB257E62C5266A200CC3B51 /* FirebaseManager.swift */,
			);
			path = Firebase;
			sourceTree = "<group>";
		};
		DEF7EC422C513E3E0036BBD8 = {
			isa = PBXGroup;
			children = (
				DEF7EC4D2C513E3E0036BBD8 /* RetroApp */,
				DEF7EC632C513E400036BBD8 /* RetroAppTests */,
				DEF7EC6D2C513E400036BBD8 /* RetroAppUITests */,
				DEF7EC4C2C513E3E0036BBD8 /* Products */,
			);
			sourceTree = "<group>";
		};
		DEF7EC4C2C513E3E0036BBD8 /* Products */ = {
			isa = PBXGroup;
			children = (
				DEF7EC4B2C513E3E0036BBD8 /* RetroApp.app */,
				DEF7EC602C513E400036BBD8 /* RetroAppTests.xctest */,
				DEF7EC6A2C513E400036BBD8 /* RetroAppUITests.xctest */,
			);
			name = Products;
			sourceTree = "<group>";
		};
		DEF7EC4D2C513E3E0036BBD8 /* RetroApp */ = {
			isa = PBXGroup;
			children = (
				DEA9EBF92C6B34F400D7964D /* DeviceManager */,
				DEA7B7452C63E9CA0053A2B1 /* Extensions */,
				DEA718102C60C3110093994A /* SwiftData */,
				DEB257E52C52668200CC3B51 /* Firebase */,
				DEF7EC802C5140850036BBD8 /* Application */,
				DEF7EC7F2C51407F0036BBD8 /* ViewModel */,
				DEF7EC7E2C51407B0036BBD8 /* View */,
				DEF7EC7D2C5140720036BBD8 /* Model */,
				DEF7EC522C513E400036BBD8 /* Assets.xcassets */,
				DEF7EC572C513E400036BBD8 /* Persistence.swift */,
				DEF7EC592C513E400036BBD8 /* RetroApp.xcdatamodeld */,
				DEF7EC542C513E400036BBD8 /* Preview Content */,
			);
			path = RetroApp;
			sourceTree = "<group>";
		};
		DEF7EC542C513E400036BBD8 /* Preview Content */ = {
			isa = PBXGroup;
			children = (
				DEF7EC552C513E400036BBD8 /* Preview Assets.xcassets */,
			);
			path = "Preview Content";
			sourceTree = "<group>";
		};
		DEF7EC632C513E400036BBD8 /* RetroAppTests */ = {
			isa = PBXGroup;
			children = (
				DEAB73DC2C6DD28C00A021B6 /* MainView */,
				DEF7EC642C513E400036BBD8 /* RetroAppTests.swift */,
			);
			path = RetroAppTests;
			sourceTree = "<group>";
		};
		DEF7EC6D2C513E400036BBD8 /* RetroAppUITests */ = {
			isa = PBXGroup;
			children = (
				DEF7EC6E2C513E400036BBD8 /* RetroAppUITests.swift */,
				DEF7EC702C513E400036BBD8 /* RetroAppUITestsLaunchTests.swift */,
			);
			path = RetroAppUITests;
			sourceTree = "<group>";
		};
		DEF7EC7D2C5140720036BBD8 /* Model */ = {
			isa = PBXGroup;
			children = (
				DEF7ECBE2C5142AD0036BBD8 /* RetroModel.swift */,
			);
			path = Model;
			sourceTree = "<group>";
		};
		DEF7EC7E2C51407B0036BBD8 /* View */ = {
			isa = PBXGroup;
			children = (
				DEF7ECD02C524AD50036BBD8 /* MainView */,
				DEF7ECD32C525A240036BBD8 /* CreateBoardView */,
				DEF7ECC92C5226790036BBD8 /* BoardView */,
			);
			path = View;
			sourceTree = "<group>";
		};
		DEF7EC7F2C51407F0036BBD8 /* ViewModel */ = {
			isa = PBXGroup;
			children = (
				DEF7ECBC2C51422A0036BBD8 /* MainViewModel.swift */,
				DEB257E82C526FCF00CC3B51 /* CreateBoardViewModel.swift */,
				DEB257EA2C53C63800CC3B51 /* BoardViewModel.swift */,
				DEA96E0D2C64B9BB0087EE6E /* SettingsViewModel.swift */,
			);
			path = ViewModel;
			sourceTree = "<group>";
		};
		DEF7EC802C5140850036BBD8 /* Application */ = {
			isa = PBXGroup;
			children = (
				DEF7EC4E2C513E3E0036BBD8 /* RetroAppApp.swift */,
				DEF7EC812C51413B0036BBD8 /* GoogleService-Info.plist */,
			);
			path = Application;
			sourceTree = "<group>";
		};
		DEF7ECC92C5226790036BBD8 /* BoardView */ = {
			isa = PBXGroup;
			children = (
				DEF7ECCA2C5226850036BBD8 /* BoardView.swift */,
				DEF7ECCC2C5226C30036BBD8 /* DroppableList.swift */,
				DEF7ECCE2C5226F40036BBD8 /* DraggableCell.swift */,
				DEA786E82C5BA03E00404936 /* InfoView.swift */,
				DEC009E22C623E4B0023513D /* BottomSheetView.swift */,
				DEA2EF822C627BBB0025CD00 /* QRCodeView.swift */,
				DE45197C2C6389CD006BDBFE /* AddCardView.swift */,
				DEA96E0B2C64B6BC0087EE6E /* SettingsView.swift */,
			);
			path = BoardView;
			sourceTree = "<group>";
		};
		DEF7ECD02C524AD50036BBD8 /* MainView */ = {
			isa = PBXGroup;
			children = (
				DEF7EC502C513E3E0036BBD8 /* MainView.swift */,
				DE4DCC1A2C61771600C3BD4E /* AnimationButtonView.swift */,
				DECC12CB2C6D083500C47A69 /* NoDataView.swift */,
			);
			path = MainView;
			sourceTree = "<group>";
		};
		DEF7ECD32C525A240036BBD8 /* CreateBoardView */ = {
			isa = PBXGroup;
			children = (
				DEF7ECD42C525A370036BBD8 /* CreateBoardView.swift */,
				DEAAFD342C6A79FB00E1DF66 /* ColorPaletView.swift */,
			);
			path = CreateBoardView;
			sourceTree = "<group>";
		};
/* End PBXGroup section */

/* Begin PBXNativeTarget section */
		DEF7EC4A2C513E3E0036BBD8 /* RetroApp */ = {
			isa = PBXNativeTarget;
			buildConfigurationList = DEF7EC742C513E400036BBD8 /* Build configuration list for PBXNativeTarget "RetroApp" */;
			buildPhases = (
				DEF7EC472C513E3E0036BBD8 /* Sources */,
				DEF7EC482C513E3E0036BBD8 /* Frameworks */,
				DEF7EC492C513E3E0036BBD8 /* Resources */,
			);
			buildRules = (
			);
			dependencies = (
			);
			name = RetroApp;
			packageProductDependencies = (
				DEF7EC842C5141B00036BBD8 /* FirebaseAnalytics */,
				DEF7EC862C5141B00036BBD8 /* FirebaseAnalyticsOnDeviceConversion */,
				DEF7EC882C5141B00036BBD8 /* FirebaseAnalyticsSwift */,
				DEF7EC8A2C5141B00036BBD8 /* FirebaseAnalyticsWithoutAdIdSupport */,
				DEF7EC8C2C5141B00036BBD8 /* FirebaseAppCheck */,
				DEF7EC8E2C5141B00036BBD8 /* FirebaseAppDistribution-Beta */,
				DEF7EC902C5141B00036BBD8 /* FirebaseAuth */,
				DEF7EC922C5141B00036BBD8 /* FirebaseAuthCombine-Community */,
				DEF7EC942C5141B00036BBD8 /* FirebaseCrashlytics */,
				DEF7EC962C5141B00036BBD8 /* FirebaseDatabase */,
				DEF7EC982C5141B00036BBD8 /* FirebaseDatabaseSwift */,
				DEF7EC9A2C5141B00036BBD8 /* FirebaseDynamicLinks */,
				DEF7EC9C2C5141B00036BBD8 /* FirebaseFirestore */,
				DEF7EC9E2C5141B00036BBD8 /* FirebaseFirestoreCombine-Community */,
				DEF7ECA02C5141B00036BBD8 /* FirebaseFirestoreSwift */,
				DEF7ECA22C5141B00036BBD8 /* FirebaseFunctions */,
				DEF7ECA42C5141B00036BBD8 /* FirebaseFunctionsCombine-Community */,
				DEF7ECA62C5141B00036BBD8 /* FirebaseInAppMessaging-Beta */,
				DEF7ECA82C5141B00036BBD8 /* FirebaseInAppMessagingSwift-Beta */,
				DEF7ECAA2C5141B00036BBD8 /* FirebaseInstallations */,
				DEF7ECAC2C5141B00036BBD8 /* FirebaseMLModelDownloader */,
				DEF7ECAE2C5141B00036BBD8 /* FirebaseMessaging */,
				DEF7ECB02C5141B00036BBD8 /* FirebasePerformance */,
				DEF7ECB22C5141B00036BBD8 /* FirebaseRemoteConfig */,
				DEF7ECB42C5141B00036BBD8 /* FirebaseRemoteConfigSwift */,
				DEF7ECB62C5141B00036BBD8 /* FirebaseStorage */,
				DEF7ECB82C5141B00036BBD8 /* FirebaseStorageCombine-Community */,
				DEF7ECBA2C5141B00036BBD8 /* FirebaseVertexAI-Preview */,
			);
			productName = RetroApp;
			productReference = DEF7EC4B2C513E3E0036BBD8 /* RetroApp.app */;
			productType = "com.apple.product-type.application";
		};
		DEF7EC5F2C513E400036BBD8 /* RetroAppTests */ = {
			isa = PBXNativeTarget;
			buildConfigurationList = DEF7EC772C513E400036BBD8 /* Build configuration list for PBXNativeTarget "RetroAppTests" */;
			buildPhases = (
				DEF7EC5C2C513E400036BBD8 /* Sources */,
				DEF7EC5D2C513E400036BBD8 /* Frameworks */,
				DEF7EC5E2C513E400036BBD8 /* Resources */,
			);
			buildRules = (
			);
			dependencies = (
				DEF7EC622C513E400036BBD8 /* PBXTargetDependency */,
			);
			name = RetroAppTests;
			productName = RetroAppTests;
			productReference = DEF7EC602C513E400036BBD8 /* RetroAppTests.xctest */;
			productType = "com.apple.product-type.bundle.unit-test";
		};
		DEF7EC692C513E400036BBD8 /* RetroAppUITests */ = {
			isa = PBXNativeTarget;
			buildConfigurationList = DEF7EC7A2C513E400036BBD8 /* Build configuration list for PBXNativeTarget "RetroAppUITests" */;
			buildPhases = (
				DEF7EC662C513E400036BBD8 /* Sources */,
				DEF7EC672C513E400036BBD8 /* Frameworks */,
				DEF7EC682C513E400036BBD8 /* Resources */,
			);
			buildRules = (
			);
			dependencies = (
				DEF7EC6C2C513E400036BBD8 /* PBXTargetDependency */,
			);
			name = RetroAppUITests;
			productName = RetroAppUITests;
			productReference = DEF7EC6A2C513E400036BBD8 /* RetroAppUITests.xctest */;
			productType = "com.apple.product-type.bundle.ui-testing";
		};
/* End PBXNativeTarget section */

/* Begin PBXProject section */
		DEF7EC432C513E3E0036BBD8 /* Project object */ = {
			isa = PBXProject;
			attributes = {
				BuildIndependentTargetsInParallel = 1;
				LastSwiftUpdateCheck = 1540;
				LastUpgradeCheck = 1540;
				TargetAttributes = {
					DEF7EC4A2C513E3E0036BBD8 = {
						CreatedOnToolsVersion = 15.4;
					};
					DEF7EC5F2C513E400036BBD8 = {
						CreatedOnToolsVersion = 15.4;
						TestTargetID = DEF7EC4A2C513E3E0036BBD8;
					};
					DEF7EC692C513E400036BBD8 = {
						CreatedOnToolsVersion = 15.4;
						TestTargetID = DEF7EC4A2C513E3E0036BBD8;
					};
				};
			};
			buildConfigurationList = DEF7EC462C513E3E0036BBD8 /* Build configuration list for PBXProject "RetroApp" */;
			compatibilityVersion = "Xcode 14.0";
			developmentRegion = en;
			hasScannedForEncodings = 0;
			knownRegions = (
				en,
				Base,
			);
			mainGroup = DEF7EC422C513E3E0036BBD8;
			packageReferences = (
				DEF7EC832C5141B00036BBD8 /* XCRemoteSwiftPackageReference "firebase-ios-sdk" */,
			);
			productRefGroup = DEF7EC4C2C513E3E0036BBD8 /* Products */;
			projectDirPath = "";
			projectRoot = "";
			targets = (
				DEF7EC4A2C513E3E0036BBD8 /* RetroApp */,
				DEF7EC5F2C513E400036BBD8 /* RetroAppTests */,
				DEF7EC692C513E400036BBD8 /* RetroAppUITests */,
			);
		};
/* End PBXProject section */

/* Begin PBXResourcesBuildPhase section */
		DEF7EC492C513E3E0036BBD8 /* Resources */ = {
			isa = PBXResourcesBuildPhase;
			buildActionMask = 2147483647;
			files = (
				DEF7EC562C513E400036BBD8 /* Preview Assets.xcassets in Resources */,
				DEF7EC532C513E400036BBD8 /* Assets.xcassets in Resources */,
				DEF7EC822C51413B0036BBD8 /* GoogleService-Info.plist in Resources */,
			);
			runOnlyForDeploymentPostprocessing = 0;
		};
		DEF7EC5E2C513E400036BBD8 /* Resources */ = {
			isa = PBXResourcesBuildPhase;
			buildActionMask = 2147483647;
			files = (
			);
			runOnlyForDeploymentPostprocessing = 0;
		};
		DEF7EC682C513E400036BBD8 /* Resources */ = {
			isa = PBXResourcesBuildPhase;
			buildActionMask = 2147483647;
			files = (
			);
			runOnlyForDeploymentPostprocessing = 0;
		};
/* End PBXResourcesBuildPhase section */

/* Begin PBXSourcesBuildPhase section */
		DEF7EC472C513E3E0036BBD8 /* Sources */ = {
			isa = PBXSourcesBuildPhase;
			buildActionMask = 2147483647;
			files = (
				DEB257E72C5266A200CC3B51 /* FirebaseManager.swift in Sources */,
				DEA96E0E2C64B9BB0087EE6E /* SettingsViewModel.swift in Sources */,
				DEF7ECCF2C5226F40036BBD8 /* DraggableCell.swift in Sources */,
				DEB257E92C526FCF00CC3B51 /* CreateBoardViewModel.swift in Sources */,
				DEF7ECCB2C5226850036BBD8 /* BoardView.swift in Sources */,
				DEF7ECBF2C5142AD0036BBD8 /* RetroModel.swift in Sources */,
				DECC12CC2C6D083500C47A69 /* NoDataView.swift in Sources */,
				DEF7ECBD2C51422A0036BBD8 /* MainViewModel.swift in Sources */,
				DEA9EBFB2C6B350600D7964D /* DeviceManager.swift in Sources */,
				DEF7ECD52C525A370036BBD8 /* CreateBoardView.swift in Sources */,
				DEA7B7472C63E9E10053A2B1 /* FirebaseExtension.swift in Sources */,
				DE4DCC1B2C61771600C3BD4E /* AnimationButtonView.swift in Sources */,
				DEF7ECCD2C5226C30036BBD8 /* DroppableList.swift in Sources */,
				DEA2EF832C627BBB0025CD00 /* QRCodeView.swift in Sources */,
				DEF7EC582C513E400036BBD8 /* Persistence.swift in Sources */,
				DEF7EC512C513E3E0036BBD8 /* MainView.swift in Sources */,
				DEC009E32C623E4B0023513D /* BottomSheetView.swift in Sources */,
				DEF7EC5B2C513E400036BBD8 /* RetroApp.xcdatamodeld in Sources */,
				DE45197D2C6389CD006BDBFE /* AddCardView.swift in Sources */,
				DEA718122C60C3290093994A /* Session.swift in Sources */,
				DEF7EC4F2C513E3E0036BBD8 /* RetroAppApp.swift in Sources */,
				DEA786E92C5BA03E00404936 /* InfoView.swift in Sources */,
				DEB257EB2C53C63800CC3B51 /* BoardViewModel.swift in Sources */,
				DEA96E0C2C64B6BC0087EE6E /* SettingsView.swift in Sources */,
				DEAAFD352C6A79FB00E1DF66 /* ColorPaletView.swift in Sources */,
			);
			runOnlyForDeploymentPostprocessing = 0;
		};
		DEF7EC5C2C513E400036BBD8 /* Sources */ = {
			isa = PBXSourcesBuildPhase;
			buildActionMask = 2147483647;
			files = (
				DEF7EC652C513E400036BBD8 /* RetroAppTests.swift in Sources */,
				DEAB73DE2C6DD2BD00A021B6 /* MainViewTest.swift in Sources */,
			);
			runOnlyForDeploymentPostprocessing = 0;
		};
		DEF7EC662C513E400036BBD8 /* Sources */ = {
			isa = PBXSourcesBuildPhase;
			buildActionMask = 2147483647;
			files = (
				DEF7EC712C513E400036BBD8 /* RetroAppUITestsLaunchTests.swift in Sources */,
				DEF7EC6F2C513E400036BBD8 /* RetroAppUITests.swift in Sources */,
			);
			runOnlyForDeploymentPostprocessing = 0;
		};
/* End PBXSourcesBuildPhase section */

/* Begin PBXTargetDependency section */
		DEF7EC622C513E400036BBD8 /* PBXTargetDependency */ = {
			isa = PBXTargetDependency;
			target = DEF7EC4A2C513E3E0036BBD8 /* RetroApp */;
			targetProxy = DEF7EC612C513E400036BBD8 /* PBXContainerItemProxy */;
		};
		DEF7EC6C2C513E400036BBD8 /* PBXTargetDependency */ = {
			isa = PBXTargetDependency;
			target = DEF7EC4A2C513E3E0036BBD8 /* RetroApp */;
			targetProxy = DEF7EC6B2C513E400036BBD8 /* PBXContainerItemProxy */;
		};
/* End PBXTargetDependency section */

/* Begin XCBuildConfiguration section */
		DEF7EC722C513E400036BBD8 /* Debug */ = {
			isa = XCBuildConfiguration;
			buildSettings = {
				ALWAYS_SEARCH_USER_PATHS = NO;
				ASSETCATALOG_COMPILER_GENERATE_SWIFT_ASSET_SYMBOL_EXTENSIONS = YES;
				CLANG_ANALYZER_NONNULL = YES;
				CLANG_ANALYZER_NUMBER_OBJECT_CONVERSION = YES_AGGRESSIVE;
				CLANG_CXX_LANGUAGE_STANDARD = "gnu++20";
				CLANG_ENABLE_MODULES = YES;
				CLANG_ENABLE_OBJC_ARC = YES;
				CLANG_ENABLE_OBJC_WEAK = YES;
				CLANG_WARN_BLOCK_CAPTURE_AUTORELEASING = YES;
				CLANG_WARN_BOOL_CONVERSION = YES;
				CLANG_WARN_COMMA = YES;
				CLANG_WARN_CONSTANT_CONVERSION = YES;
				CLANG_WARN_DEPRECATED_OBJC_IMPLEMENTATIONS = YES;
				CLANG_WARN_DIRECT_OBJC_ISA_USAGE = YES_ERROR;
				CLANG_WARN_DOCUMENTATION_COMMENTS = YES;
				CLANG_WARN_EMPTY_BODY = YES;
				CLANG_WARN_ENUM_CONVERSION = YES;
				CLANG_WARN_INFINITE_RECURSION = YES;
				CLANG_WARN_INT_CONVERSION = YES;
				CLANG_WARN_NON_LITERAL_NULL_CONVERSION = YES;
				CLANG_WARN_OBJC_IMPLICIT_RETAIN_SELF = YES;
				CLANG_WARN_OBJC_LITERAL_CONVERSION = YES;
				CLANG_WARN_OBJC_ROOT_CLASS = YES_ERROR;
				CLANG_WARN_QUOTED_INCLUDE_IN_FRAMEWORK_HEADER = YES;
				CLANG_WARN_RANGE_LOOP_ANALYSIS = YES;
				CLANG_WARN_STRICT_PROTOTYPES = YES;
				CLANG_WARN_SUSPICIOUS_MOVE = YES;
				CLANG_WARN_UNGUARDED_AVAILABILITY = YES_AGGRESSIVE;
				CLANG_WARN_UNREACHABLE_CODE = YES;
				CLANG_WARN__DUPLICATE_METHOD_MATCH = YES;
				COPY_PHASE_STRIP = NO;
				DEBUG_INFORMATION_FORMAT = dwarf;
				ENABLE_STRICT_OBJC_MSGSEND = YES;
				ENABLE_TESTABILITY = YES;
				ENABLE_USER_SCRIPT_SANDBOXING = YES;
				GCC_C_LANGUAGE_STANDARD = gnu17;
				GCC_DYNAMIC_NO_PIC = NO;
				GCC_NO_COMMON_BLOCKS = YES;
				GCC_OPTIMIZATION_LEVEL = 0;
				GCC_PREPROCESSOR_DEFINITIONS = (
					"DEBUG=1",
					"$(inherited)",
				);
				GCC_WARN_64_TO_32_BIT_CONVERSION = YES;
				GCC_WARN_ABOUT_RETURN_TYPE = YES_ERROR;
				GCC_WARN_UNDECLARED_SELECTOR = YES;
				GCC_WARN_UNINITIALIZED_AUTOS = YES_AGGRESSIVE;
				GCC_WARN_UNUSED_FUNCTION = YES;
				GCC_WARN_UNUSED_VARIABLE = YES;
				IPHONEOS_DEPLOYMENT_TARGET = 17.5;
				LOCALIZATION_PREFERS_STRING_CATALOGS = YES;
				MTL_ENABLE_DEBUG_INFO = INCLUDE_SOURCE;
				MTL_FAST_MATH = YES;
				ONLY_ACTIVE_ARCH = YES;
				SDKROOT = iphoneos;
				SWIFT_ACTIVE_COMPILATION_CONDITIONS = "DEBUG $(inherited)";
				SWIFT_OPTIMIZATION_LEVEL = "-Onone";
			};
			name = Debug;
		};
		DEF7EC732C513E400036BBD8 /* Release */ = {
			isa = XCBuildConfiguration;
			buildSettings = {
				ALWAYS_SEARCH_USER_PATHS = NO;
				ASSETCATALOG_COMPILER_GENERATE_SWIFT_ASSET_SYMBOL_EXTENSIONS = YES;
				CLANG_ANALYZER_NONNULL = YES;
				CLANG_ANALYZER_NUMBER_OBJECT_CONVERSION = YES_AGGRESSIVE;
				CLANG_CXX_LANGUAGE_STANDARD = "gnu++20";
				CLANG_ENABLE_MODULES = YES;
				CLANG_ENABLE_OBJC_ARC = YES;
				CLANG_ENABLE_OBJC_WEAK = YES;
				CLANG_WARN_BLOCK_CAPTURE_AUTORELEASING = YES;
				CLANG_WARN_BOOL_CONVERSION = YES;
				CLANG_WARN_COMMA = YES;
				CLANG_WARN_CONSTANT_CONVERSION = YES;
				CLANG_WARN_DEPRECATED_OBJC_IMPLEMENTATIONS = YES;
				CLANG_WARN_DIRECT_OBJC_ISA_USAGE = YES_ERROR;
				CLANG_WARN_DOCUMENTATION_COMMENTS = YES;
				CLANG_WARN_EMPTY_BODY = YES;
				CLANG_WARN_ENUM_CONVERSION = YES;
				CLANG_WARN_INFINITE_RECURSION = YES;
				CLANG_WARN_INT_CONVERSION = YES;
				CLANG_WARN_NON_LITERAL_NULL_CONVERSION = YES;
				CLANG_WARN_OBJC_IMPLICIT_RETAIN_SELF = YES;
				CLANG_WARN_OBJC_LITERAL_CONVERSION = YES;
				CLANG_WARN_OBJC_ROOT_CLASS = YES_ERROR;
				CLANG_WARN_QUOTED_INCLUDE_IN_FRAMEWORK_HEADER = YES;
				CLANG_WARN_RANGE_LOOP_ANALYSIS = YES;
				CLANG_WARN_STRICT_PROTOTYPES = YES;
				CLANG_WARN_SUSPICIOUS_MOVE = YES;
				CLANG_WARN_UNGUARDED_AVAILABILITY = YES_AGGRESSIVE;
				CLANG_WARN_UNREACHABLE_CODE = YES;
				CLANG_WARN__DUPLICATE_METHOD_MATCH = YES;
				COPY_PHASE_STRIP = NO;
				DEBUG_INFORMATION_FORMAT = "dwarf-with-dsym";
				ENABLE_NS_ASSERTIONS = NO;
				ENABLE_STRICT_OBJC_MSGSEND = YES;
				ENABLE_USER_SCRIPT_SANDBOXING = YES;
				GCC_C_LANGUAGE_STANDARD = gnu17;
				GCC_NO_COMMON_BLOCKS = YES;
				GCC_WARN_64_TO_32_BIT_CONVERSION = YES;
				GCC_WARN_ABOUT_RETURN_TYPE = YES_ERROR;
				GCC_WARN_UNDECLARED_SELECTOR = YES;
				GCC_WARN_UNINITIALIZED_AUTOS = YES_AGGRESSIVE;
				GCC_WARN_UNUSED_FUNCTION = YES;
				GCC_WARN_UNUSED_VARIABLE = YES;
				IPHONEOS_DEPLOYMENT_TARGET = 17.5;
				LOCALIZATION_PREFERS_STRING_CATALOGS = YES;
				MTL_ENABLE_DEBUG_INFO = NO;
				MTL_FAST_MATH = YES;
				SDKROOT = iphoneos;
				SWIFT_COMPILATION_MODE = wholemodule;
				VALIDATE_PRODUCT = YES;
			};
			name = Release;
		};
		DEF7EC752C513E400036BBD8 /* Debug */ = {
			isa = XCBuildConfiguration;
			buildSettings = {
				ASSETCATALOG_COMPILER_APPICON_NAME = AppIcon;
				ASSETCATALOG_COMPILER_GLOBAL_ACCENT_COLOR_NAME = AccentColor;
				CODE_SIGN_STYLE = Automatic;
				CURRENT_PROJECT_VERSION = 1;
				DEVELOPMENT_ASSET_PATHS = "\"RetroApp/Preview Content\"";
				DEVELOPMENT_TEAM = ZY98G8GQD4;
				ENABLE_PREVIEWS = YES;
				GENERATE_INFOPLIST_FILE = YES;
				INFOPLIST_KEY_UIApplicationSceneManifest_Generation = YES;
				INFOPLIST_KEY_UIApplicationSupportsIndirectInputEvents = YES;
				INFOPLIST_KEY_UILaunchScreen_Generation = YES;
				INFOPLIST_KEY_UISupportedInterfaceOrientations_iPad = "UIInterfaceOrientationPortrait UIInterfaceOrientationPortraitUpsideDown UIInterfaceOrientationLandscapeLeft UIInterfaceOrientationLandscapeRight";
				INFOPLIST_KEY_UISupportedInterfaceOrientations_iPhone = "UIInterfaceOrientationPortrait UIInterfaceOrientationLandscapeLeft UIInterfaceOrientationLandscapeRight";
				LD_RUNPATH_SEARCH_PATHS = (
					"$(inherited)",
					"@executable_path/Frameworks",
				);
				MARKETING_VERSION = 1.0;
				PRODUCT_BUNDLE_IDENTIFIER = com.erkancosar.RetroApp;
				PRODUCT_NAME = "$(TARGET_NAME)";
				SWIFT_EMIT_LOC_STRINGS = YES;
				SWIFT_VERSION = 5.0;
				TARGETED_DEVICE_FAMILY = "1,2";
			};
			name = Debug;
		};
		DEF7EC762C513E400036BBD8 /* Release */ = {
			isa = XCBuildConfiguration;
			buildSettings = {
				ASSETCATALOG_COMPILER_APPICON_NAME = AppIcon;
				ASSETCATALOG_COMPILER_GLOBAL_ACCENT_COLOR_NAME = AccentColor;
				CODE_SIGN_STYLE = Automatic;
				CURRENT_PROJECT_VERSION = 1;
				DEVELOPMENT_ASSET_PATHS = "\"RetroApp/Preview Content\"";
				DEVELOPMENT_TEAM = ZY98G8GQD4;
				ENABLE_PREVIEWS = YES;
				GENERATE_INFOPLIST_FILE = YES;
				INFOPLIST_KEY_UIApplicationSceneManifest_Generation = YES;
				INFOPLIST_KEY_UIApplicationSupportsIndirectInputEvents = YES;
				INFOPLIST_KEY_UILaunchScreen_Generation = YES;
				INFOPLIST_KEY_UISupportedInterfaceOrientations_iPad = "UIInterfaceOrientationPortrait UIInterfaceOrientationPortraitUpsideDown UIInterfaceOrientationLandscapeLeft UIInterfaceOrientationLandscapeRight";
				INFOPLIST_KEY_UISupportedInterfaceOrientations_iPhone = "UIInterfaceOrientationPortrait UIInterfaceOrientationLandscapeLeft UIInterfaceOrientationLandscapeRight";
				LD_RUNPATH_SEARCH_PATHS = (
					"$(inherited)",
					"@executable_path/Frameworks",
				);
				MARKETING_VERSION = 1.0;
				PRODUCT_BUNDLE_IDENTIFIER = com.erkancosar.RetroApp;
				PRODUCT_NAME = "$(TARGET_NAME)";
				SWIFT_EMIT_LOC_STRINGS = YES;
				SWIFT_VERSION = 5.0;
				TARGETED_DEVICE_FAMILY = "1,2";
			};
			name = Release;
		};
		DEF7EC782C513E400036BBD8 /* Debug */ = {
			isa = XCBuildConfiguration;
			buildSettings = {
				ALWAYS_EMBED_SWIFT_STANDARD_LIBRARIES = YES;
				BUNDLE_LOADER = "$(TEST_HOST)";
				CODE_SIGN_STYLE = Automatic;
				CURRENT_PROJECT_VERSION = 1;
				DEVELOPMENT_TEAM = ZY98G8GQD4;
				GENERATE_INFOPLIST_FILE = YES;
				IPHONEOS_DEPLOYMENT_TARGET = 17.5;
				MARKETING_VERSION = 1.0;
				PRODUCT_BUNDLE_IDENTIFIER = com.erkancosar.RetroAppTests;
				PRODUCT_NAME = "$(TARGET_NAME)";
				SWIFT_EMIT_LOC_STRINGS = NO;
				SWIFT_VERSION = 5.0;
				TARGETED_DEVICE_FAMILY = "1,2";
				TEST_HOST = "$(BUILT_PRODUCTS_DIR)/RetroApp.app/$(BUNDLE_EXECUTABLE_FOLDER_PATH)/RetroApp";
			};
			name = Debug;
		};
		DEF7EC792C513E400036BBD8 /* Release */ = {
			isa = XCBuildConfiguration;
			buildSettings = {
				ALWAYS_EMBED_SWIFT_STANDARD_LIBRARIES = YES;
				BUNDLE_LOADER = "$(TEST_HOST)";
				CODE_SIGN_STYLE = Automatic;
				CURRENT_PROJECT_VERSION = 1;
				DEVELOPMENT_TEAM = ZY98G8GQD4;
				GENERATE_INFOPLIST_FILE = YES;
				IPHONEOS_DEPLOYMENT_TARGET = 17.5;
				MARKETING_VERSION = 1.0;
				PRODUCT_BUNDLE_IDENTIFIER = com.erkancosar.RetroAppTests;
				PRODUCT_NAME = "$(TARGET_NAME)";
				SWIFT_EMIT_LOC_STRINGS = NO;
				SWIFT_VERSION = 5.0;
				TARGETED_DEVICE_FAMILY = "1,2";
				TEST_HOST = "$(BUILT_PRODUCTS_DIR)/RetroApp.app/$(BUNDLE_EXECUTABLE_FOLDER_PATH)/RetroApp";
			};
			name = Release;
		};
		DEF7EC7B2C513E400036BBD8 /* Debug */ = {
			isa = XCBuildConfiguration;
			buildSettings = {
				ALWAYS_EMBED_SWIFT_STANDARD_LIBRARIES = YES;
				CODE_SIGN_STYLE = Automatic;
				CURRENT_PROJECT_VERSION = 1;
				DEVELOPMENT_TEAM = ZY98G8GQD4;
				GENERATE_INFOPLIST_FILE = YES;
				MARKETING_VERSION = 1.0;
				PRODUCT_BUNDLE_IDENTIFIER = com.erkancosar.RetroAppUITests;
				PRODUCT_NAME = "$(TARGET_NAME)";
				SWIFT_EMIT_LOC_STRINGS = NO;
				SWIFT_VERSION = 5.0;
				TARGETED_DEVICE_FAMILY = "1,2";
				TEST_TARGET_NAME = RetroApp;
			};
			name = Debug;
		};
		DEF7EC7C2C513E400036BBD8 /* Release */ = {
			isa = XCBuildConfiguration;
			buildSettings = {
				ALWAYS_EMBED_SWIFT_STANDARD_LIBRARIES = YES;
				CODE_SIGN_STYLE = Automatic;
				CURRENT_PROJECT_VERSION = 1;
				DEVELOPMENT_TEAM = ZY98G8GQD4;
				GENERATE_INFOPLIST_FILE = YES;
				MARKETING_VERSION = 1.0;
				PRODUCT_BUNDLE_IDENTIFIER = com.erkancosar.RetroAppUITests;
				PRODUCT_NAME = "$(TARGET_NAME)";
				SWIFT_EMIT_LOC_STRINGS = NO;
				SWIFT_VERSION = 5.0;
				TARGETED_DEVICE_FAMILY = "1,2";
				TEST_TARGET_NAME = RetroApp;
			};
			name = Release;
		};
/* End XCBuildConfiguration section */

/* Begin XCConfigurationList section */
		DEF7EC462C513E3E0036BBD8 /* Build configuration list for PBXProject "RetroApp" */ = {
			isa = XCConfigurationList;
			buildConfigurations = (
				DEF7EC722C513E400036BBD8 /* Debug */,
				DEF7EC732C513E400036BBD8 /* Release */,
			);
			defaultConfigurationIsVisible = 0;
			defaultConfigurationName = Release;
		};
		DEF7EC742C513E400036BBD8 /* Build configuration list for PBXNativeTarget "RetroApp" */ = {
			isa = XCConfigurationList;
			buildConfigurations = (
				DEF7EC752C513E400036BBD8 /* Debug */,
				DEF7EC762C513E400036BBD8 /* Release */,
			);
			defaultConfigurationIsVisible = 0;
			defaultConfigurationName = Release;
		};
		DEF7EC772C513E400036BBD8 /* Build configuration list for PBXNativeTarget "RetroAppTests" */ = {
			isa = XCConfigurationList;
			buildConfigurations = (
				DEF7EC782C513E400036BBD8 /* Debug */,
				DEF7EC792C513E400036BBD8 /* Release */,
			);
			defaultConfigurationIsVisible = 0;
			defaultConfigurationName = Release;
		};
		DEF7EC7A2C513E400036BBD8 /* Build configuration list for PBXNativeTarget "RetroAppUITests" */ = {
			isa = XCConfigurationList;
			buildConfigurations = (
				DEF7EC7B2C513E400036BBD8 /* Debug */,
				DEF7EC7C2C513E400036BBD8 /* Release */,
			);
			defaultConfigurationIsVisible = 0;
			defaultConfigurationName = Release;
		};
/* End XCConfigurationList section */

/* Begin XCRemoteSwiftPackageReference section */
		DEF7EC832C5141B00036BBD8 /* XCRemoteSwiftPackageReference "firebase-ios-sdk" */ = {
			isa = XCRemoteSwiftPackageReference;
			repositoryURL = "https://github.com/firebase/firebase-ios-sdk.git";
			requirement = {
				kind = upToNextMajorVersion;
				minimumVersion = 10.29.0;
			};
		};
/* End XCRemoteSwiftPackageReference section */

/* Begin XCSwiftPackageProductDependency section */
		DEF7EC842C5141B00036BBD8 /* FirebaseAnalytics */ = {
			isa = XCSwiftPackageProductDependency;
			package = DEF7EC832C5141B00036BBD8 /* XCRemoteSwiftPackageReference "firebase-ios-sdk" */;
			productName = FirebaseAnalytics;
		};
		DEF7EC862C5141B00036BBD8 /* FirebaseAnalyticsOnDeviceConversion */ = {
			isa = XCSwiftPackageProductDependency;
			package = DEF7EC832C5141B00036BBD8 /* XCRemoteSwiftPackageReference "firebase-ios-sdk" */;
			productName = FirebaseAnalyticsOnDeviceConversion;
		};
		DEF7EC882C5141B00036BBD8 /* FirebaseAnalyticsSwift */ = {
			isa = XCSwiftPackageProductDependency;
			package = DEF7EC832C5141B00036BBD8 /* XCRemoteSwiftPackageReference "firebase-ios-sdk" */;
			productName = FirebaseAnalyticsSwift;
		};
		DEF7EC8A2C5141B00036BBD8 /* FirebaseAnalyticsWithoutAdIdSupport */ = {
			isa = XCSwiftPackageProductDependency;
			package = DEF7EC832C5141B00036BBD8 /* XCRemoteSwiftPackageReference "firebase-ios-sdk" */;
			productName = FirebaseAnalyticsWithoutAdIdSupport;
		};
		DEF7EC8C2C5141B00036BBD8 /* FirebaseAppCheck */ = {
			isa = XCSwiftPackageProductDependency;
			package = DEF7EC832C5141B00036BBD8 /* XCRemoteSwiftPackageReference "firebase-ios-sdk" */;
			productName = FirebaseAppCheck;
		};
		DEF7EC8E2C5141B00036BBD8 /* FirebaseAppDistribution-Beta */ = {
			isa = XCSwiftPackageProductDependency;
			package = DEF7EC832C5141B00036BBD8 /* XCRemoteSwiftPackageReference "firebase-ios-sdk" */;
			productName = "FirebaseAppDistribution-Beta";
		};
		DEF7EC902C5141B00036BBD8 /* FirebaseAuth */ = {
			isa = XCSwiftPackageProductDependency;
			package = DEF7EC832C5141B00036BBD8 /* XCRemoteSwiftPackageReference "firebase-ios-sdk" */;
			productName = FirebaseAuth;
		};
		DEF7EC922C5141B00036BBD8 /* FirebaseAuthCombine-Community */ = {
			isa = XCSwiftPackageProductDependency;
			package = DEF7EC832C5141B00036BBD8 /* XCRemoteSwiftPackageReference "firebase-ios-sdk" */;
			productName = "FirebaseAuthCombine-Community";
		};
		DEF7EC942C5141B00036BBD8 /* FirebaseCrashlytics */ = {
			isa = XCSwiftPackageProductDependency;
			package = DEF7EC832C5141B00036BBD8 /* XCRemoteSwiftPackageReference "firebase-ios-sdk" */;
			productName = FirebaseCrashlytics;
		};
		DEF7EC962C5141B00036BBD8 /* FirebaseDatabase */ = {
			isa = XCSwiftPackageProductDependency;
			package = DEF7EC832C5141B00036BBD8 /* XCRemoteSwiftPackageReference "firebase-ios-sdk" */;
			productName = FirebaseDatabase;
		};
		DEF7EC982C5141B00036BBD8 /* FirebaseDatabaseSwift */ = {
			isa = XCSwiftPackageProductDependency;
			package = DEF7EC832C5141B00036BBD8 /* XCRemoteSwiftPackageReference "firebase-ios-sdk" */;
			productName = FirebaseDatabaseSwift;
		};
		DEF7EC9A2C5141B00036BBD8 /* FirebaseDynamicLinks */ = {
			isa = XCSwiftPackageProductDependency;
			package = DEF7EC832C5141B00036BBD8 /* XCRemoteSwiftPackageReference "firebase-ios-sdk" */;
			productName = FirebaseDynamicLinks;
		};
		DEF7EC9C2C5141B00036BBD8 /* FirebaseFirestore */ = {
			isa = XCSwiftPackageProductDependency;
			package = DEF7EC832C5141B00036BBD8 /* XCRemoteSwiftPackageReference "firebase-ios-sdk" */;
			productName = FirebaseFirestore;
		};
		DEF7EC9E2C5141B00036BBD8 /* FirebaseFirestoreCombine-Community */ = {
			isa = XCSwiftPackageProductDependency;
			package = DEF7EC832C5141B00036BBD8 /* XCRemoteSwiftPackageReference "firebase-ios-sdk" */;
			productName = "FirebaseFirestoreCombine-Community";
		};
		DEF7ECA02C5141B00036BBD8 /* FirebaseFirestoreSwift */ = {
			isa = XCSwiftPackageProductDependency;
			package = DEF7EC832C5141B00036BBD8 /* XCRemoteSwiftPackageReference "firebase-ios-sdk" */;
			productName = FirebaseFirestoreSwift;
		};
		DEF7ECA22C5141B00036BBD8 /* FirebaseFunctions */ = {
			isa = XCSwiftPackageProductDependency;
			package = DEF7EC832C5141B00036BBD8 /* XCRemoteSwiftPackageReference "firebase-ios-sdk" */;
			productName = FirebaseFunctions;
		};
		DEF7ECA42C5141B00036BBD8 /* FirebaseFunctionsCombine-Community */ = {
			isa = XCSwiftPackageProductDependency;
			package = DEF7EC832C5141B00036BBD8 /* XCRemoteSwiftPackageReference "firebase-ios-sdk" */;
			productName = "FirebaseFunctionsCombine-Community";
		};
		DEF7ECA62C5141B00036BBD8 /* FirebaseInAppMessaging-Beta */ = {
			isa = XCSwiftPackageProductDependency;
			package = DEF7EC832C5141B00036BBD8 /* XCRemoteSwiftPackageReference "firebase-ios-sdk" */;
			productName = "FirebaseInAppMessaging-Beta";
		};
		DEF7ECA82C5141B00036BBD8 /* FirebaseInAppMessagingSwift-Beta */ = {
			isa = XCSwiftPackageProductDependency;
			package = DEF7EC832C5141B00036BBD8 /* XCRemoteSwiftPackageReference "firebase-ios-sdk" */;
			productName = "FirebaseInAppMessagingSwift-Beta";
		};
		DEF7ECAA2C5141B00036BBD8 /* FirebaseInstallations */ = {
			isa = XCSwiftPackageProductDependency;
			package = DEF7EC832C5141B00036BBD8 /* XCRemoteSwiftPackageReference "firebase-ios-sdk" */;
			productName = FirebaseInstallations;
		};
		DEF7ECAC2C5141B00036BBD8 /* FirebaseMLModelDownloader */ = {
			isa = XCSwiftPackageProductDependency;
			package = DEF7EC832C5141B00036BBD8 /* XCRemoteSwiftPackageReference "firebase-ios-sdk" */;
			productName = FirebaseMLModelDownloader;
		};
		DEF7ECAE2C5141B00036BBD8 /* FirebaseMessaging */ = {
			isa = XCSwiftPackageProductDependency;
			package = DEF7EC832C5141B00036BBD8 /* XCRemoteSwiftPackageReference "firebase-ios-sdk" */;
			productName = FirebaseMessaging;
		};
		DEF7ECB02C5141B00036BBD8 /* FirebasePerformance */ = {
			isa = XCSwiftPackageProductDependency;
			package = DEF7EC832C5141B00036BBD8 /* XCRemoteSwiftPackageReference "firebase-ios-sdk" */;
			productName = FirebasePerformance;
		};
		DEF7ECB22C5141B00036BBD8 /* FirebaseRemoteConfig */ = {
			isa = XCSwiftPackageProductDependency;
			package = DEF7EC832C5141B00036BBD8 /* XCRemoteSwiftPackageReference "firebase-ios-sdk" */;
			productName = FirebaseRemoteConfig;
		};
		DEF7ECB42C5141B00036BBD8 /* FirebaseRemoteConfigSwift */ = {
			isa = XCSwiftPackageProductDependency;
			package = DEF7EC832C5141B00036BBD8 /* XCRemoteSwiftPackageReference "firebase-ios-sdk" */;
			productName = FirebaseRemoteConfigSwift;
		};
		DEF7ECB62C5141B00036BBD8 /* FirebaseStorage */ = {
			isa = XCSwiftPackageProductDependency;
			package = DEF7EC832C5141B00036BBD8 /* XCRemoteSwiftPackageReference "firebase-ios-sdk" */;
			productName = FirebaseStorage;
		};
		DEF7ECB82C5141B00036BBD8 /* FirebaseStorageCombine-Community */ = {
			isa = XCSwiftPackageProductDependency;
			package = DEF7EC832C5141B00036BBD8 /* XCRemoteSwiftPackageReference "firebase-ios-sdk" */;
			productName = "FirebaseStorageCombine-Community";
		};
		DEF7ECBA2C5141B00036BBD8 /* FirebaseVertexAI-Preview */ = {
			isa = XCSwiftPackageProductDependency;
			package = DEF7EC832C5141B00036BBD8 /* XCRemoteSwiftPackageReference "firebase-ios-sdk" */;
			productName = "FirebaseVertexAI-Preview";
		};
/* End XCSwiftPackageProductDependency section */

/* Begin XCVersionGroup section */
		DEF7EC592C513E400036BBD8 /* RetroApp.xcdatamodeld */ = {
			isa = XCVersionGroup;
			children = (
				DEF7EC5A2C513E400036BBD8 /* RetroApp.xcdatamodel */,
			);
			currentVersion = DEF7EC5A2C513E400036BBD8 /* RetroApp.xcdatamodel */;
			path = RetroApp.xcdatamodeld;
			sourceTree = "<group>";
			versionGroupType = wrapper.xcdatamodel;
		};
/* End XCVersionGroup section */
	};
	rootObject = DEF7EC432C513E3E0036BBD8 /* Project object */;
}
